{
  "name": "naition-low-conversion-landing",
  "lockfileVersion": 3,
  "requires": true,
  "packages": {
    "": {
      "name": "naition-low-conversion-landing",
      "dependencies": {
        "@amplitude/unified": "^1.1.26"
      },
      "devDependencies": {
        "esbuild": "^0.28.1"
      }
    },
    "node_modules/@amplitude/analytics-browser": {
      "version": "2.45.3",
      "resolved": "https://registry.npmjs.org/@amplitude/analytics-browser/-/analytics-browser-2.45.3.tgz",
      "integrity": "sha512-C0aMU/4fitTEt6v1eYrQ0KA/O10fjZrHdn8RFvU4GcR8wnp3e44OZW1VO7ll8R2adWhHSsSOVxsSlczoWViY3Q==",
      "license": "MIT",
      "dependencies": {
        "@amplitude/analytics-core": "2.53.2",
        "@amplitude/plugin-autocapture-browser": "1.28.8",
        "@amplitude/plugin-custom-enrichment-browser": "0.1.18",
        "@amplitude/plugin-event-property-attribution-browser": "0.2.10",
        "@amplitude/plugin-network-capture-browser": "1.10.10",
        "@amplitude/plugin-page-url-enrichment-browser": "0.7.20",
        "@amplitude/plugin-page-view-tracking-browser": "2.11.10",
        "@amplitude/plugin-web-vitals-browser": "1.1.42",
        "tslib": "^2.4.1"
      }
    },
    "node_modules/@amplitude/analytics-client-common": {
      "version": "2.4.57",
      "resolved": "https://registry.npmjs.org/@amplitude/analytics-client-common/-/analytics-client-common-2.4.57.tgz",
      "integrity": "sha512-ksa3SY4+gcjIR1d8pHMom2VX5+5VafV7prPO17FNEs80oyKAzUIGUtbE4A/2NnWtlMKTc8O9y/qQvgzjY1d2ew==",
      "license": "MIT",
      "dependencies": {
        "@amplitude/analytics-connector": "^1.4.8",
        "@amplitude/analytics-core": "2.53.2",
        "@amplitude/analytics-types": "2.11.1",
        "tslib": "^2.4.1"
      }
    },
    "node_modules/@amplitude/analytics-client-common/node_modules/@amplitude/analytics-types": {
      "version": "2.11.1",
      "resolved": "https://registry.npmjs.org/@amplitude/analytics-types/-/analytics-types-2.11.1.tgz",
      "integrity": "sha512-wFEgb0t99ly2uJKm5oZ28Lti0Kh5RecR5XBkwfUpDzn84IoCIZ8GJTsMw/nThu8FZFc7xFDA4UAt76zhZKrs9A==",
      "license": "MIT"
    },
    "node_modules/@amplitude/analytics-connector": {
      "version": "1.6.5",
      "resolved": "https://registry.npmjs.org/@amplitude/analytics-connector/-/analytics-connector-1.6.5.tgz",
      "integrity": "sha512-EcDT+E4vliT7WAeOCbyE4rNkTUdLMR9dGCETX+36U7gAROr8jARG6ObhW7TTWdoYDlUe25IllZnRKdXHRKlWJQ==",
      "license": "MIT"
    },
    "node_modules/@amplitude/analytics-core": {
      "version": "2.53.2",
      "resolved": "https://registry.npmjs.org/@amplitude/analytics-core/-/analytics-core-2.53.2.tgz",
      "integrity": "sha512-TsmYeJ0ZcAURkQWqDNi5Ar25MH0KcQ64zdxYWn1N9BN2xaakOevz0/WwNVvthmf1gd/Bz9OZdaq4D5iqYd4Dow==",
      "license": "MIT",
      "dependencies": {
        "@amplitude/analytics-connector": "^1.6.4",
        "@types/zen-observable": "0.8.3",
        "safe-json-stringify": "1.2.0",
        "tslib": "^2.4.1",
        "zen-observable": "0.10.0"
      }
    },
    "node_modules/@amplitude/analytics-types": {
      "version": "1.4.0",
      "resolved": "https://registry.npmjs.org/@amplitude/analytics-types/-/analytics-types-1.4.0.tgz",
      "integrity": "sha512-RiMPHBqdrJ8ktTqG+Wzj2htnN/PCG9jGZG0SXtTFnWwVvcAJYbYm55/nrP1TTyrx1OlLhvF2VG3lVUP/xGAU8w==",
      "license": "MIT"
    },
    "node_modules/@amplitude/element-selector": {
      "version": "0.2.1",
      "resolved": "https://registry.npmjs.org/@amplitude/element-selector/-/element-selector-0.2.1.tgz",
      "integrity": "sha512-QZYvhO2cyaw6B7gFWu95QrE/l2a5oSCHgYR2S6DqZ6/NVDWIzbBtEjwLcxZFPXbO+DM1Rng6GUNljMNFtdlFDw==",
      "license": "MIT",
      "dependencies": {
        "tslib": "^2.4.1"
      }
    },
    "node_modules/@amplitude/engagement-browser": {
      "version": "1.0.11",
      "resolved": "https://registry.npmjs.org/@amplitude/engagement-browser/-/engagement-browser-1.0.11.tgz",
      "integrity": "sha512-hGO0ArhnO+jqYyerLmHT21+PQ957sqsJtmNgO+55tpeU80Jl6nsjc0icAelLGKK01m5Z4QzWQ3rzh1Ocxlq+/w==",
      "license": "MIT",
      "dependencies": {
        "@amplitude/analytics-types": "^1.0.0"
      }
    },
    "node_modules/@amplitude/experiment-core": {
      "version": "0.13.3",
      "resolved": "https://registry.npmjs.org/@amplitude/experiment-core/-/experiment-core-0.13.3.tgz",
      "integrity": "sha512-iBFaiTr5BYiUAe8NcAnJ39pe1vqPHq3638E6FTYocoRIh5zryzYQvfqE7mhDNcCj7OUm4IJ3DFq8EVNqqlcnUw==",
      "license": "MIT",
      "dependencies": {
        "js-base64": "^3.7.5"
      }
    },
    "node_modules/@amplitude/experiment-js-client": {
      "version": "1.21.3",
      "resolved": "https://registry.npmjs.org/@amplitude/experiment-js-client/-/experiment-js-client-1.21.3.tgz",
      "integrity": "sha512-YAw6K2GR4d18fdRLrNiEnuH0+5bTV9cIn/b04MA4GfxUHnbOI0ZmQTtqj6AfU4myiBjTBLPRH7+rlMRMnLe8iQ==",
      "license": "MIT",
      "dependencies": {
        "@amplitude/analytics-connector": "^1.6.5",
        "@amplitude/experiment-core": "^0.13.3",
        "@amplitude/ua-parser-js": "^0.7.31",
        "base64-js": "1.5.1",
        "unfetch": "4.1.0"
      }
    },
    "node_modules/@amplitude/plugin-autocapture-browser": {
      "version": "1.28.8",
      "resolved": "https://registry.npmjs.org/@amplitude/plugin-autocapture-browser/-/plugin-autocapture-browser-1.28.8.tgz",
      "integrity": "sha512-RlS6qD+0xvfWfTRH/5Z9cE7kMHr5i7mTn4ve6dIUuwR/ttRAJ7L+jdqGLw3fP2qNrlJF9WHfKUh0y69jWvn4XQ==",
      "license": "MIT",
      "dependencies": {
        "@amplitude/analytics-core": "2.53.2",
        "@amplitude/element-selector": "0.2.1",
        "tslib": "^2.4.1"
      }
    },
    "node_modules/@amplitude/plugin-custom-enrichment-browser": {
      "version": "0.1.18",
      "resolved": "https://registry.npmjs.org/@amplitude/plugin-custom-enrichment-browser/-/plugin-custom-enrichment-browser-0.1.18.tgz",
      "integrity": "sha512-CsD4r7njzsHFOQ6fvrqGI/uzI9Pd1e0orlOPFnxFcbCgAroi1kVgTZ+030Q88l1YSLpKcqT/YTe8EJ9QPQvzeg==",
      "license": "MIT",
      "dependencies": {
        "@amplitude/analytics-core": "2.53.2",
        "tslib": "^2.4.1"
      }
    },
    "node_modules/@amplitude/plugin-event-property-attribution-browser": {
      "version": "0.2.10",
      "resolved": "https://registry.npmjs.org/@amplitude/plugin-event-property-attribution-browser/-/plugin-event-property-attribution-browser-0.2.10.tgz",
      "integrity": "sha512-8BmwkTwvYy4Xi+CSYlw85yhZ4gwxFQTOm/LVj8z/zWRiz/Gxc1yi9Unh9cxjj4LWEa2Xs/xUaVOB5H+0OjfMgA==",
      "license": "MIT",
      "dependencies": {
        "@amplitude/analytics-core": "2.53.2",
        "tslib": "^2.4.1"
      }
    },
    "node_modules/@amplitude/plugin-experiment-browser": {
      "version": "1.0.0-beta.37",
      "resolved": "https://registry.npmjs.org/@amplitude/plugin-experiment-browser/-/plugin-experiment-browser-1.0.0-beta.37.tgz",
      "integrity": "sha512-aA1VbsKJQ7eAtVKEezQHm2MrpC8R95mZ6HI8m2PrtG+Ps9bRMYOoBvnln+jA7nQ4q1ZlSF3R8irUTR1JZetngQ==",
      "license": "MIT",
      "dependencies": {
        "@amplitude/analytics-core": "2.53.2",
        "@amplitude/experiment-js-client": "^1.15.5"
      }
    },
    "node_modules/@amplitude/plugin-network-capture-browser": {
      "version": "1.10.10",
      "resolved": "https://registry.npmjs.org/@amplitude/plugin-network-capture-browser/-/plugin-network-capture-browser-1.10.10.tgz",
      "integrity": "sha512-dJR7J9KJHTfYwMOIDEtLnTGRRFpPNA8nl6C5HsIKOPZhITUur7qFLoYPj0yhMlugCEQ5b0TKMeAW+WbpYaq6Pg==",
      "license": "MIT",
      "dependencies": {
        "@amplitude/analytics-core": "2.53.2",
        "tslib": "^2.4.1"
      }
    },
    "node_modules/@amplitude/plugin-page-url-enrichment-browser": {
      "version": "0.7.20",
      "resolved": "https://registry.npmjs.org/@amplitude/plugin-page-url-enrichment-browser/-/plugin-page-url-enrichment-browser-0.7.20.tgz",
      "integrity": "sha512-AXcbksZYrCjFLiYSOgmg/QGB4ZCBcEE8URSYgyL2u9Bg3CHPihV09ffMtQpqR/MnMQ8eyqRcw0GPPUYaN2CQqQ==",
      "license": "MIT",
      "dependencies": {
        "@amplitude/analytics-core": "2.53.2",
        "tslib": "^2.4.1"
      }
    },
    "node_modules/@amplitude/plugin-page-view-tracking-browser": {
      "version": "2.11.10",
      "resolved": "https://registry.npmjs.org/@amplitude/plugin-page-view-tracking-browser/-/plugin-page-view-tracking-browser-2.11.10.tgz",
      "integrity": "sha512-UB21i+ultA3TkLOCuaT3Co34Zr76VylARHchKFNC7s4tAXNJJ7yPNQQg0Z0txbvUHlrhu1rOEnAe8l9BBU7SNQ==",
      "license": "MIT",
      "dependencies": {
        "@amplitude/analytics-core": "2.53.2",
        "tslib": "^2.4.1"
      }
    },
    "node_modules/@amplitude/plugin-session-replay-browser": {
      "version": "1.33.5",
      "resolved": "https://registry.npmjs.org/@amplitude/plugin-session-replay-browser/-/plugin-session-replay-browser-1.33.5.tgz",
      "integrity": "sha512-oE7S+yXBHmYv0hH6bxHHcR6bIuDNwpvaKJoYSacfViljCSBcMpU2vZiPPb2Q5oZf9xU04eFMusWz0yyfhrQfWQ==",
      "license": "MIT",
      "dependencies": {
        "@amplitude/analytics-client-common": "2.4.57",
        "@amplitude/analytics-core": "2.53.2",
        "@amplitude/analytics-types": "2.11.1",
        "@amplitude/rrweb-plugin-console-record": "2.0.0-alpha.40",
        "@amplitude/rrweb-record": "2.0.0-alpha.40",
        "@amplitude/session-replay-browser": "1.47.5",
        "idb-keyval": "^6.2.1",
        "tslib": "^2.4.1"
      }
    },
    "node_modules/@amplitude/plugin-session-replay-browser/node_modules/@amplitude/analytics-types": {
      "version": "2.11.1",
      "resolved": "https://registry.npmjs.org/@amplitude/analytics-types/-/analytics-types-2.11.1.tgz",
      "integrity": "sha512-wFEgb0t99ly2uJKm5oZ28Lti0Kh5RecR5XBkwfUpDzn84IoCIZ8GJTsMw/nThu8FZFc7xFDA4UAt76zhZKrs9A==",
      "license": "MIT"
    },
    "node_modules/@amplitude/plugin-web-vitals-browser": {
      "version": "1.1.42",
      "resolved": "https://registry.npmjs.org/@amplitude/plugin-web-vitals-browser/-/plugin-web-vitals-browser-1.1.42.tgz",
      "integrity": "sha512-O1DPD76BR8n0ne5BeVx/PdqFVGvpPQuWtkk7diHL/Cis4wRrQ+kIbmZodo2gKWpSrthUZh3NJyMe7YQIGCPuVg==",
      "license": "MIT",
      "dependencies": {
        "@amplitude/analytics-core": "2.53.2",
        "tslib": "^2.4.1",
        "web-vitals": "5.1.0"
      }
    },
    "node_modules/@amplitude/rrdom": {
      "version": "2.1.2",
      "resolved": "https://registry.npmjs.org/@amplitude/rrdom/-/rrdom-2.1.2.tgz",
      "integrity": "sha512-jIjDnuZGW7f4Nb7jxbQG7wz4bcS6rIkHeneLgF5EFj5o7O2kJu7tw0z7PND9eo982nSswiHb56mkAfGcue911Q==",
      "license": "MIT",
      "dependencies": {
        "@amplitude/rrweb-snapshot": "^2.1.2"
      }
    },
    "node_modules/@amplitude/rrweb": {
      "version": "2.1.3",
      "resolved": "https://registry.npmjs.org/@amplitude/rrweb/-/rrweb-2.1.3.tgz",
      "integrity": "sha512-K/+ob14aDZ3tYhW/PAz4mQp+Ikr8H7qvepGgNRPhm4bG3sztsdnWhz+eK7xEcx05l+RIo0MYAp3+GXE5mDYM9w==",
      "license": "MIT",
      "dependencies": {
        "@amplitude/rrdom": "^2.1.2",
        "@amplitude/rrweb-snapshot": "^2.1.2",
        "@amplitude/rrweb-types": "^2.1.2",
        "@amplitude/rrweb-utils": "^2.1.2",
        "@types/css-font-loading-module": "0.0.7",
        "@xstate/fsm": "^1.4.0",
        "base64-arraybuffer": "^1.0.1",
        "mitt": "^3.0.0"
      }
    },
    "node_modules/@amplitude/rrweb-packer": {
      "version": "2.0.0-alpha.40",
      "resolved": "https://registry.npmjs.org/@amplitude/rrweb-packer/-/rrweb-packer-2.0.0-alpha.40.tgz",
      "integrity": "sha512-Btb6b9pS1IvDMbvyYxpUdTk9NRJugSoJjRCl7R6jP/iSlPWXoveJIwHaNFAS9ZmWUEK7HhyBJ8bKGFN3giUsDg==",
      "license": "MIT",
      "dependencies": {
        "@amplitude/rrweb-types": "^2.0.0-alpha.40",
        "fflate": "^0.4.4"
      }
    },
    "node_modules/@amplitude/rrweb-plugin-console-record": {
      "version": "2.0.0-alpha.40",
      "resolved": "https://registry.npmjs.org/@amplitude/rrweb-plugin-console-record/-/rrweb-plugin-console-record-2.0.0-alpha.40.tgz",
      "integrity": "sha512-vtY7T/kGFl62nC1u7ZUXQvU7ulB70cZGVHPRN/SO9fzVfsY7y6rCmBfoc2jS5KmISdlgkVzMjY2r/EE2Gk9AQA==",
      "license": "MIT",
      "peerDependencies": {
        "@amplitude/rrweb": "^2.0.0-alpha.40"
      }
    },
    "node_modules/@amplitude/rrweb-record": {
      "version": "2.0.0-alpha.40",
      "resolved": "https://registry.npmjs.org/@amplitude/rrweb-record/-/rrweb-record-2.0.0-alpha.40.tgz",
      "integrity": "sha512-5cJhQwzhymJWX5/XOtpWK0h2NLq9+t2YiO6ub0cdZ9F5AZizaRbsVH88int07DfX0YiXTKWbISezVuduCLqgSQ==",
      "license": "MIT",
      "dependencies": {
        "@amplitude/rrweb": "^2.0.0-alpha.40",
        "@amplitude/rrweb-types": "^2.0.0-alpha.40"
      }
    },
    "node_modules/@amplitude/rrweb-snapshot": {
      "version": "2.1.2",
      "resolved": "https://registry.npmjs.org/@amplitude/rrweb-snapshot/-/rrweb-snapshot-2.1.2.tgz",
      "integrity": "sha512-xdASm3wP2hHnEZL6Y0+uFO7rBCRYadKIRLwVJewpln+BHj+F96GGfw2JmsZx4J/5a+kXRFgtajp9mEboy3dyxw==",
      "license": "MIT",
      "dependencies": {
        "postcss": "^8.4.38"
      }
    },
    "node_modules/@amplitude/rrweb-types": {
      "version": "2.1.2",
      "resolved": "https://registry.npmjs.org/@amplitude/rrweb-types/-/rrweb-types-2.1.2.tgz",
      "integrity": "sha512-HvzZpWGigXGXmtGntyDoNbk6i2YO89wrFV1tkILns7R4ECntsNsXzwP72oyWYVpONvU/x0xM5oe6/rzv4L29BQ==",
      "license": "MIT"
    },
    "node_modules/@amplitude/rrweb-utils": {
      "version": "2.1.2",
      "resolved": "https://registry.npmjs.org/@amplitude/rrweb-utils/-/rrweb-utils-2.1.2.tgz",
      "integrity": "sha512-FRiJj7h1ziiWqW9hbmr1PfQoCgpX7zxhqVdlVaFE9NkqzXlePmStjOgkBLNnz/WbBD0A4pZp26o9Cy0he47Qwg==",
      "license": "MIT"
    },
    "node_modules/@amplitude/session-replay-browser": {
      "version": "1.47.5",
      "resolved": "https://registry.npmjs.org/@amplitude/session-replay-browser/-/session-replay-browser-1.47.5.tgz",
      "integrity": "sha512-0olHnqowNGCZ+BfpxM8e7L6cwINmtvJZZ4N2vD2VlGZpRA2Yu6cKpIZ0vPcYFaVZyafeUO7+RVrhzdRdTLF14w==",
      "license": "MIT",
      "dependencies": {
        "@amplitude/analytics-client-common": "2.4.57",
        "@amplitude/analytics-core": "2.53.2",
        "@amplitude/analytics-types": "2.11.1",
        "@amplitude/experiment-core": "0.7.2",
        "@amplitude/rrweb-packer": "2.0.0-alpha.40",
        "@amplitude/rrweb-plugin-console-record": "2.0.0-alpha.40",
        "@amplitude/rrweb-record": "2.0.0-alpha.40",
        "@amplitude/rrweb-types": "2.0.0-alpha.40",
        "@amplitude/rrweb-utils": "2.0.0-alpha.40",
        "@amplitude/targeting": "0.3.7",
        "@rollup/plugin-replace": "^6.0.1",
        "idb": "8.0.0",
        "tslib": "^2.4.1"
      }
    },
    "node_modules/@amplitude/session-replay-browser/node_modules/@amplitude/analytics-types": {
      "version": "2.11.1",
      "resolved": "https://registry.npmjs.org/@amplitude/analytics-types/-/analytics-types-2.11.1.tgz",
      "integrity": "sha512-wFEgb0t99ly2uJKm5oZ28Lti0Kh5RecR5XBkwfUpDzn84IoCIZ8GJTsMw/nThu8FZFc7xFDA4UAt76zhZKrs9A==",
      "license": "MIT"
    },
    "node_modules/@amplitude/session-replay-browser/node_modules/@amplitude/experiment-core": {
      "version": "0.7.2",
      "resolved": "https://registry.npmjs.org/@amplitude/experiment-core/-/experiment-core-0.7.2.tgz",
      "integrity": "sha512-Wc2NWvgQ+bLJLeF0A9wBSPIaw0XuqqgkPKsoNFQrmS7r5Djd56um75In05tqmVntPJZRvGKU46pAp8o5tdf4mA==",
      "license": "MIT",
      "dependencies": {
        "js-base64": "^3.7.5"
      }
    },
    "node_modules/@amplitude/session-replay-browser/node_modules/@amplitude/rrweb-types": {
      "version": "2.0.0-alpha.40",
      "resolved": "https://registry.npmjs.org/@amplitude/rrweb-types/-/rrweb-types-2.0.0-alpha.40.tgz",
      "integrity": "sha512-rP7CBDkzXupxOA7ukvC+zDYLuCtsz54TuJKC4+5O72Jsz4YdokLznKZRG34P6zXozfhGU0261qckk87lLY6mKQ==",
      "license": "MIT"
    },
    "node_modules/@amplitude/session-replay-browser/node_modules/@amplitude/rrweb-utils": {
      "version": "2.0.0-alpha.40",
      "resolved": "https://registry.npmjs.org/@amplitude/rrweb-utils/-/rrweb-utils-2.0.0-alpha.40.tgz",
      "integrity": "sha512-i1CCt6MCjlqoeNc+1Hse5bz+ZbASaWaIJ0WdJZvnQjUCHH29Xy/QFouyOuor73RZ+UWX4s2tYSrUIdmBepXk3w==",
      "license": "MIT"
    },
    "node_modules/@amplitude/targeting": {
      "version": "0.3.7",
      "resolved": "https://registry.npmjs.org/@amplitude/targeting/-/targeting-0.3.7.tgz",
      "integrity": "sha512-ukI31RCI1KCl56gDtJwCpPO88T9IOKAyJKZDtR4SHiGKRwfEn8LwCp1XF3ei0i9S9sJw6axa9+oJui9WATcl+w==",
      "license": "MIT",
      "dependencies": {
        "@amplitude/analytics-client-common": "2.4.57",
        "@amplitude/analytics-core": "2.53.2",
        "@amplitude/analytics-types": "2.11.1",
        "@amplitude/experiment-core": "0.7.2",
        "idb": "8.0.0",
        "tslib": "^2.4.1"
      }
    },
    "node_modules/@amplitude/targeting/node_modules/@amplitude/analytics-types": {
      "version": "2.11.1",
      "resolved": "https://registry.npmjs.org/@amplitude/analytics-types/-/analytics-types-2.11.1.tgz",
      "integrity": "sha512-wFEgb0t99ly2uJKm5oZ28Lti0Kh5RecR5XBkwfUpDzn84IoCIZ8GJTsMw/nThu8FZFc7xFDA4UAt76zhZKrs9A==",
      "license": "MIT"
    },
    "node_modules/@amplitude/targeting/node_modules/@amplitude/experiment-core": {
      "version": "0.7.2",
      "resolved": "https://registry.npmjs.org/@amplitude/experiment-core/-/experiment-core-0.7.2.tgz",
      "integrity": "sha512-Wc2NWvgQ+bLJLeF0A9wBSPIaw0XuqqgkPKsoNFQrmS7r5Djd56um75In05tqmVntPJZRvGKU46pAp8o5tdf4mA==",
      "license": "MIT",
      "dependencies": {
        "js-base64": "^3.7.5"
      }
    },
    "node_modules/@amplitude/ua-parser-js": {
      "version": "0.7.33",
      "resolved": "https://registry.npmjs.org/@amplitude/ua-parser-js/-/ua-parser-js-0.7.33.tgz",
      "integrity": "sha512-wKEtVR4vXuPT9cVEIJkYWnlF++Gx3BdLatPBM+SZ1ztVIvnhdGBZR/mn9x/PzyrMcRlZmyi6L56I2J3doVBnjA==",
      "funding": [
        {
          "type": "opencollective",
          "url": "https://opencollective.com/ua-parser-js"
        },
        {
          "type": "paypal",
          "url": "https://paypal.me/faisalman"
        }
      ],
      "license": "MIT",
      "engines": {
        "node": "*"
      }
    },
    "node_modules/@amplitude/unified": {
      "version": "1.1.26",
      "resolved": "https://registry.npmjs.org/@amplitude/unified/-/unified-1.1.26.tgz",
      "integrity": "sha512-+vbxoTcYBba+dhBvM80YzFIM2YaGaR89CHdJ459sAC7QjqlsDgg0FEph6mPj3S2gVpRY+FFeBesq2IH6iD4zWg==",
      "license": "MIT",
      "dependencies": {
        "@amplitude/analytics-browser": "2.45.3",
        "@amplitude/analytics-core": "2.53.2",
        "@amplitude/engagement-browser": "^1.0.10",
        "@amplitude/plugin-experiment-browser": "1.0.0-beta.37",
        "@amplitude/plugin-session-replay-browser": "1.33.5"
      }
    },
    "node_modules/@esbuild/aix-ppc64": {
      "version": "0.28.1",
      "resolved": "https://registry.npmjs.org/@esbuild/aix-ppc64/-/aix-ppc64-0.28.1.tgz",
      "integrity": "sha512-Svl7tq8k/08+p6CXPpRjQ1fKX+1odH/BQbb48fV6fj3CWHhsoIOoY87w1oHXm0qEpkIK3ZfVgp0hed3XBXzXMQ==",
      "cpu": [
        "ppc64"
      ],
      "dev": true,
      "license": "MIT",
      "optional": true,
      "os": [
        "aix"
      ],
      "engines": {
        "node": ">=18"
      }
    },
    "node_modules/@esbuild/android-arm": {
      "version": "0.28.1",
      "resolved": "https://registry.npmjs.org/@esbuild/android-arm/-/android-arm-0.28.1.tgz",
      "integrity": "sha512-0k2F129Xdio1TdJfzJ8sy1Q47vUD2NnwdhiAf7drUN1EBTfPf4hsFCtmMgu/6m8JSzsBrlmVjudMBQqOfG8usQ==",
      "cpu": [
        "arm"
      ],
      "dev": true,
      "license": "MIT",
      "optional": true,
      "os": [
        "android"
      ],
      "engines": {
        "node": ">=18"
      }
    },
    "node_modules/@esbuild/android-arm64": {
      "version": "0.28.1",
      "resolved": "https://registry.npmjs.org/@esbuild/android-arm64/-/android-arm64-0.28.1.tgz",
      "integrity": "sha512-34EGEbCIAgosYz6goLcopX6Mo7NyGv9tfwEM2/7Ce2VcVRk568iSvniGWcUXIy7wEDR1wzolcxcriFVrWYcwBg==",
      "cpu": [
        "arm64"
      ],
      "dev": true,
      "license": "MIT",
      "optional": true,
      "os": [
        "android"
      ],
      "engines": {
        "node": ">=18"
      }
    },
    "node_modules/@esbuild/android-x64": {
      "version": "0.28.1",
      "resolved": "https://registry.npmjs.org/@esbuild/android-x64/-/android-x64-0.28.1.tgz",
      "integrity": "sha512-dbwY7ltSMDWsRatcRpCnES4F+im88OCUgGZjy52shC7GqHRE/cYlxNbB4Z4UpJswpcc4Qxd2oE/ufM0p61IKng==",
      "cpu": [
        "x64"
      ],
      "dev": true,
      "license": "MIT",
      "optional": true,
      "os": [
        "android"
      ],
      "engines": {
        "node": ">=18"
      }
    },
    "node_modules/@esbuild/darwin-arm64": {
      "version": "0.28.1",
      "resolved": "https://registry.npmjs.org/@esbuild/darwin-arm64/-/darwin-arm64-0.28.1.tgz",
      "integrity": "sha512-TZbWkQY7kvTAXbXUT7uVACR5cMHsDiSz9z7ZKAX/RTq/WJEk3QyRr0wZpNhBDX+/0CtdqUIJlOiodQcta6tY3Q==",
      "cpu": [
        "arm64"
      ],
      "dev": true,
      "license": "MIT",
      "optional": true,
      "os": [
        "darwin"
      ],
      "engines": {
        "node": ">=18"
      }
    },
    "node_modules/@esbuild/darwin-x64": {
      "version": "0.28.1",
      "resolved": "https://registry.npmjs.org/@esbuild/darwin-x64/-/darwin-x64-0.28.1.tgz",
      "integrity": "sha512-zfdzgK9ACBNZLI/CyHTOx81SyNbM6YXn7rxSgX97VjyiPl9W1i4Ka4fgKECEoFCKGpvBj5qArWIGgQjOwkgskQ==",
      "cpu": [
        "x64"
      ],
      "dev": true,
      "license": "MIT",
      "optional": true,
      "os": [
        "darwin"
      ],
      "engines": {
        "node": ">=18"
      }
    },
    "node_modules/@esbuild/freebsd-arm64": {
      "version": "0.28.1",
      "resolved": "https://registry.npmjs.org/@esbuild/freebsd-arm64/-/freebsd-arm64-0.28.1.tgz",
      "integrity": "sha512-wG2EA8ENdEI0qhkSZMjfqrdY+ziCYCPMmtZjjIwOmXFjmyzEHn+UUxk5of+SYsjtfs3VpnlC7QLzSI5hY/rOAw==",
      "cpu": [
        "arm64"
      ],
      "dev": true,
      "license": "MIT",
      "optional": true,
      "os": [
        "freebsd"
      ],
      "engines": {
        "node": ">=18"
      }
    },
    "node_modules/@esbuild/freebsd-x64": {
      "version": "0.28.1",
      "resolved": "https://registry.npmjs.org/@esbuild/freebsd-x64/-/freebsd-x64-0.28.1.tgz",
      "integrity": "sha512-i7dZ9vQgnvSCzi/rYCXNgtF/U+eKZNJBzu3eTQbRgHnM7tNSizLOkRFAl3qzVc/Op/u5YkHHa4pf/3DOYHthLQ==",
      "cpu": [
        "x64"
      ],
      "dev": true,
      "license": "MIT",
      "optional": true,
      "os": [
        "freebsd"
      ],
      "engines": {
        "node": ">=18"
      }
    },
    "node_modules/@esbuild/linux-arm": {
      "version": "0.28.1",
      "resolved": "https://registry.npmjs.org/@esbuild/linux-arm/-/linux-arm-0.28.1.tgz",
      "integrity": "sha512-qVXBOHQS+d5Y722GwJzJUtOLlX7km3CraOaGormF1pDtPd2C/l1SHRPgjLunLGe51Sh5YYWKMFDyV4SxgMQYTQ==",
      "cpu": [
        "arm"
      ],
      "dev": true,
      "license": "MIT",
      "optional": true,
      "os": [
        "linux"
      ],
      "engines": {
        "node": ">=18"
      }
    },
    "node_modules/@esbuild/linux-arm64": {
      "version": "0.28.1",
      "resolved": "https://registry.npmjs.org/@esbuild/linux-arm64/-/linux-arm64-0.28.1.tgz",
      "integrity": "sha512-yHs+0uc8+nvEAfAfxrWQKK5peSNzBc4PegcMO0EJ2hT71uA7vB8Ihg2e77R2P7SG5uYjPbHlLLmve4LLLRCf0g==",
      "cpu": [
        "arm64"
      ],
      "dev": true,
      "license": "MIT",
      "optional": true,
      "os": [
        "linux"
      ],
      "engines": {
        "node": ">=18"
      }
    },
    "node_modules/@esbuild/linux-ia32": {
      "version": "0.28.1",
      "resolved": "https://registry.npmjs.org/@esbuild/linux-ia32/-/linux-ia32-0.28.1.tgz",
      "integrity": "sha512-d1z4ZuP0ajrfz/FhGT4vv278rX8KnPPJx8i5+AtK7TYbx9Le9F1hyzurZpkEyjkGa9dUGhQow4C1NmeGvqxN2w==",
      "cpu": [
        "ia32"
      ],
      "dev": true,
      "license": "MIT",
      "optional": true,
      "os": [
        "linux"
      ],
      "engines": {
        "node": ">=18"
      }
    },
    "node_modules/@esbuild/linux-loong64": {
      "version": "0.28.1",
      "resolved": "https://registry.npmjs.org/@esbuild/linux-loong64/-/linux-loong64-0.28.1.tgz",
      "integrity": "sha512-M5sRjUVZrkm1OAPR3dlOYzNmN+loZKGVi1VUQGrwuqLcbR6qeAz+famMhjASeH3YVKvZz+zT1jlh/keC3Rj/lg==",
      "cpu": [
        "loong64"
      ],
      "dev": true,
      "license": "MIT",
      "optional": true,
      "os": [
        "linux"
      ],
      "engines": {
        "node": ">=18"
      }
    },
    "node_modules/@esbuild/linux-mips64el": {
      "version": "0.28.1",
      "resolved": "https://registry.npmjs.org/@esbuild/linux-mips64el/-/linux-mips64el-0.28.1.tgz",
      "integrity": "sha512-mRObBZeHh2OxcBFPWE/FjylkRgZdYuiTR3vaTozquCGOH14iP9oN4x4Ge81CoIDYQrXmIxpFumJBu5MtZpnQJQ==",
      "cpu": [
        "mips64el"
      ],
      "dev": true,
      "license": "MIT",
      "optional": true,
      "os": [
        "linux"
      ],
      "engines": {
        "node": ">=18"
      }
    },
    "node_modules/@esbuild/linux-ppc64": {
      "version": "0.28.1",
      "resolved": "https://registry.npmjs.org/@esbuild/linux-ppc64/-/linux-ppc64-0.28.1.tgz",
      "integrity": "sha512-slScBsMAb3GFDcdrCgLwZtPYRoH2H/youv10QiZyRjmsP48fznoveWytSgCI/R0ZcUgpc0ZhIUEx6LHts8yrfQ==",
      "cpu": [
        "ppc64"
      ],
      "dev": true,
      "license": "MIT",
      "optional": true,
      "os": [
        "linux"
      ],
      "engines": {
        "node": ">=18"
      }
    },
    "node_modules/@esbuild/linux-riscv64": {
      "version": "0.28.1",
      "resolved": "https://registry.npmjs.org/@esbuild/linux-riscv64/-/linux-riscv64-0.28.1.tgz",
      "integrity": "sha512-kw0owk1o0GFETUJyW0jc0G4Yzs0BHZn0JDZ8JRT088vjJYX777BAs1fDGxAC+q831qOs2DTC96mNsG2opdfyyQ==",
      "cpu": [
        "riscv64"
      ],
      "dev": true,
      "license": "MIT",
      "optional": true,
      "os": [
        "linux"
      ],
      "engines": {
        "node": ">=18"
      }
    },
    "node_modules/@esbuild/linux-s390x": {
      "version": "0.28.1",
      "resolved": "https://registry.npmjs.org/@esbuild/linux-s390x/-/linux-s390x-0.28.1.tgz",
      "integrity": "sha512-/lAIjX8aYFRByhh6L5rYtPEDRqa9de/4V/juOXcta5frjvzXO4/sqEtyytse0g3zZFuWu5cDN0MkLz2qRDD2Ag==",
      "cpu": [
        "s390x"
      ],
      "dev": true,
      "license": "MIT",
      "optional": true,
      "os": [
        "linux"
      ],
      "engines": {
        "node": ">=18"
      }
    },
    "node_modules/@esbuild/linux-x64": {
      "version": "0.28.1",
      "resolved": "https://registry.npmjs.org/@esbuild/linux-x64/-/linux-x64-0.28.1.tgz",
      "integrity": "sha512-u/anNYF2mmVOEDwLtnQ1wOr3EZ9sTNGLWrsYGYwHWzGA3Si84IOkHXlbWTD1NB+9/1lcnweYKO54uhxZydNzfA==",
      "cpu": [
        "x64"
      ],
      "dev": true,
      "license": "MIT",
      "optional": true,
      "os": [
        "linux"
      ],
      "engines": {
        "node": ">=18"
      }
    },
    "node_modules/@esbuild/netbsd-arm64": {
      "version": "0.28.1",
      "resolved": "https://registry.npmjs.org/@esbuild/netbsd-arm64/-/netbsd-arm64-0.28.1.tgz",
      "integrity": "sha512-oks0DYbLwWMmaakTsCb+zL4E+aHRVLom9IJZOAthMQEPiQmydXHkziYEsGYRx0uNV/IjEKGAV941JzH02pflqw==",
      "cpu": [
        "arm64"
      ],
      "dev": true,
      "license": "MIT",
      "optional": true,
      "os": [
        "netbsd"
      ],
      "engines": {
        "node": ">=18"
      }
    },
    "node_modules/@esbuild/netbsd-x64": {
      "version": "0.28.1",
      "resolved": "https://registry.npmjs.org/@esbuild/netbsd-x64/-/netbsd-x64-0.28.1.tgz",
      "integrity": "sha512-aeL6lAnN89Hz43Mlh1G8ARasbuoYvSITDEx0tHh5b7jJnHcssqgjy9Yx430GDpmCa6OyrKoS0aNRjKundRizGg==",
      "cpu": [
        "x64"
      ],
      "dev": true,
      "license": "MIT",
      "optional": true,
      "os": [
        "netbsd"
      ],
      "engines": {
        "node": ">=18"
      }
    },
    "node_modules/@esbuild/openbsd-arm64": {
      "version": "0.28.1",
      "resolved": "https://registry.npmjs.org/@esbuild/openbsd-arm64/-/openbsd-arm64-0.28.1.tgz",
      "integrity": "sha512-MEFJe5C3R8pwXdZ5Y21oo6m7ePiS0d9pWucn99O/wvyJZChoIQKrQDxKrGeW8F5+T0okTHesAmDeiHDTIq0V/Q==",
      "cpu": [
        "arm64"
      ],
      "dev": true,
      "license": "MIT",
      "optional": true,
      "os": [
        "openbsd"
      ],
      "engines": {
        "node": ">=18"
      }
    },
    "node_modules/@esbuild/openbsd-x64": {
      "version": "0.28.1",
      "resolved": "https://registry.npmjs.org/@esbuild/openbsd-x64/-/openbsd-x64-0.28.1.tgz",
      "integrity": "sha512-i/ZLIOafE0Z8cI/XANJAixoJL/uRAoS2xOA3rb0xN+KK0K177cMAsQYkzHtBrtMXAKuAc7HGgcWiZ/sRC1Nxgw==",
      "cpu": [
        "x64"
      ],
      "dev": true,
      "license": "MIT",
      "optional": true,
      "os": [
        "openbsd"
      ],
      "engines": {
        "node": ">=18"
      }
    },
    "node_modules/@esbuild/openharmony-arm64": {
      "version": "0.28.1",
      "resolved": "https://registry.npmjs.org/@esbuild/openharmony-arm64/-/openharmony-arm64-0.28.1.tgz",
      "integrity": "sha512-ge+Z7EXFNt2BO1oAMsVpiQ8EwndV9i1xXerAeTIK7AtPs3bKFXQM7nlRxDSIUIMeueR1CNXxqztLzdNeReKBJg==",
      "cpu": [
        "arm64"
      ],
      "dev": true,
      "license": "MIT",
      "optional": true,
      "os": [
        "openharmony"
      ],
      "engines": {
        "node": ">=18"
      }
    },
    "node_modules/@esbuild/sunos-x64": {
      "version": "0.28.1",
      "resolved": "https://registry.npmjs.org/@esbuild/sunos-x64/-/sunos-x64-0.28.1.tgz",
      "integrity": "sha512-BEjgtECkL3vY+SaSQ6nzVfiALUeFxpawyp8Jmf5PtYhf1Ug40N1h/hxlhts+f1FvSvarEigdxS3BlSMI2PJLcQ==",
      "cpu": [
        "x64"
      ],
      "dev": true,
      "license": "MIT",
      "optional": true,
      "os": [
        "sunos"
      ],
      "engines": {
        "node": ">=18"
      }
    },
    "node_modules/@esbuild/win32-arm64": {
      "version": "0.28.1",
      "resolved": "https://registry.npmjs.org/@esbuild/win32-arm64/-/win32-arm64-0.28.1.tgz",
      "integrity": "sha512-lCv9eK/H6ZJWbE7bh2nw54CZ9M2nupBxJcTsdk/QQnWkdSjKGuxmmH8/GWrlT1eMmZfn4dGcCjRte397WqfQXA==",
      "cpu": [
        "arm64"
      ],
      "dev": true,
      "license": "MIT",
      "optional": true,
      "os": [
        "win32"
      ],
      "engines": {
        "node": ">=18"
      }
    },
    "node_modules/@esbuild/win32-ia32": {
      "version": "0.28.1",
      "resolved": "https://registry.npmjs.org/@esbuild/win32-ia32/-/win32-ia32-0.28.1.tgz",
      "integrity": "sha512-zvb/mB2bSCoJOpoCBgYKKpX6YM6mJBlBUVUtVj41DlZJVEB6/0CKlRYxP5wWl1C1ILiCoAU5wZZ4q1P3qeS6Eg==",
      "cpu": [
        "ia32"
      ],
      "dev": true,
      "license": "MIT",
      "optional": true,
      "os": [
        "win32"
      ],
      "engines": {
        "node": ">=18"
      }
    },
    "node_modules/@esbuild/win32-x64": {
      "version": "0.28.1",
      "resolved": "https://registry.npmjs.org/@esbuild/win32-x64/-/win32-x64-0.28.1.tgz",
      "integrity": "sha512-bm4Mowrv+GXMlpWX++EcXw/iLyd1o3+bJkC2DkWXYVvgZCqD/bSj9ctZeAMC3cIxgjRVR2Dufaiu4YPxr5gW1A==",
      "cpu": [
        "x64"
      ],
      "dev": true,
      "license": "MIT",
      "optional": true,
      "os": [
        "win32"
      ],
      "engines": {
        "node": ">=18"
      }
    },
    "node_modules/@jridgewell/sourcemap-codec": {
      "version": "1.5.5",
      "resolved": "https://registry.npmjs.org/@jridgewell/sourcemap-codec/-/sourcemap-codec-1.5.5.tgz",
      "integrity": "sha512-cYQ9310grqxueWbl+WuIUIaiUaDcj7WOq5fVhEljNVgRfOUhY9fy2zTvfoqWsnebh8Sl70VScFbICvJnLKB0Og==",
      "license": "MIT"
    },
    "node_modules/@rollup/plugin-replace": {
      "version": "6.0.3",
      "resolved": "https://registry.npmjs.org/@rollup/plugin-replace/-/plugin-replace-6.0.3.tgz",
      "integrity": "sha512-J4RZarRvQAm5IF0/LwUUg+obsm+xZhYnbMXmXROyoSE1ATJe3oXSb9L5MMppdxP2ylNSjv6zFBwKYjcKMucVfA==",
      "license": "MIT",
      "dependencies": {
        "@rollup/pluginutils": "^5.0.1",
        "magic-string": "^0.30.3"
      },
      "engines": {
        "node": ">=14.0.0"
      },
      "peerDependencies": {
        "rollup": "^1.20.0||^2.0.0||^3.0.0||^4.0.0"
      },
      "peerDependenciesMeta": {
        "rollup": {
          "optional": true
        }
      }
    },
    "node_modules/@rollup/pluginutils": {
      "version": "5.4.0",
      "resolved": "https://registry.npmjs.org/@rollup/pluginutils/-/pluginutils-5.4.0.tgz",
      "integrity": "sha512-MfPp06CjRLfXQ3wY0R8vJDYBy/MvVcc9OulEfR0B8Iv9ko+GCNaRZ+EpJYFl27LhKsZK0o420sYCRHCjfCgeUg==",
      "license": "MIT",
      "dependencies": {
        "@types/estree": "^1.0.0",
        "estree-walker": "^2.0.2",
        "picomatch": "^4.0.2"
      },
      "engines": {
        "node": ">=14.0.0"
      },
      "peerDependencies": {
        "rollup": "^1.20.0||^2.0.0||^3.0.0||^4.0.0"
      },
      "peerDependenciesMeta": {
        "rollup": {
          "optional": true
        }
      }
    },
    "node_modules/@types/css-font-loading-module": {
      "version": "0.0.7",
      "resolved": "https://registry.npmjs.org/@types/css-font-loading-module/-/css-font-loading-module-0.0.7.tgz",
      "integrity": "sha512-nl09VhutdjINdWyXxHWN/w9zlNCfr60JUqJbd24YXUuCwgeL0TpFSdElCwb6cxfB6ybE19Gjj4g0jsgkXxKv1Q==",
      "license": "MIT"
    },
    "node_modules/@types/estree": {
      "version": "1.0.9",
      "resolved": "https://registry.npmjs.org/@types/estree/-/estree-1.0.9.tgz",
      "integrity": "sha512-GhdPgy1el4/ImP05X05Uw4cw2/M93BCUmnEvWZNStlCzEKME4Fkk+YpoA5OiHNQmoS7Cafb8Xa3Pya8m1Qrzeg==",
      "license": "MIT"
    },
    "node_modules/@types/zen-observable": {
      "version": "0.8.3",
      "resolved": "https://registry.npmjs.org/@types/zen-observable/-/zen-observable-0.8.3.tgz",
      "integrity": "sha512-fbF6oTd4sGGy0xjHPKAt+eS2CrxJ3+6gQ3FGcBoIJR2TLAyCkCyI8JqZNy+FeON0AhVgNJoUumVoZQjBFUqHkw==",
      "license": "MIT"
    },
    "node_modules/@xstate/fsm": {
      "version": "1.6.5",
      "resolved": "https://registry.npmjs.org/@xstate/fsm/-/fsm-1.6.5.tgz",
      "integrity": "sha512-b5o1I6aLNeYlU/3CPlj/Z91ybk1gUsKT+5NAJI+2W4UjvS5KLG28K9v5UvNoFVjHV8PajVZ00RH3vnjyQO7ZAw==",
      "license": "MIT"
    },
    "node_modules/base64-arraybuffer": {
      "version": "1.0.2",
      "resolved": "https://registry.npmjs.org/base64-arraybuffer/-/base64-arraybuffer-1.0.2.tgz",
      "integrity": "sha512-I3yl4r9QB5ZRY3XuJVEPfc2XhZO6YweFPI+UovAzn+8/hb3oJ6lnysaFcjVpkCPfVWFUDvoZ8kmVDP7WyRtYtQ==",
      "license": "MIT",
      "engines": {
        "node": ">= 0.6.0"
      }
    },
    "node_modules/base64-js": {
      "version": "1.5.1",
      "resolved": "https://registry.npmjs.org/base64-js/-/base64-js-1.5.1.tgz",
      "integrity": "sha512-AKpaYlHn8t4SVbOHCy+b5+KKgvR4vrsD8vbvrbiQJps7fKDTkjkDry6ji0rUJjC0kzbNePLwzxq8iypo41qeWA==",
      "funding": [
        {
          "type": "github",
          "url": "https://github.com/sponsors/feross"
        },
        {
          "type": "patreon",
          "url": "https://www.patreon.com/feross"
        },
        {
          "type": "consulting",
          "url": "https://feross.org/support"
        }
      ],
      "license": "MIT"
    },
    "node_modules/esbuild": {
      "version": "0.28.1",
      "resolved": "https://registry.npmjs.org/esbuild/-/esbuild-0.28.1.tgz",
      "integrity": "sha512-HrJrvZv5ayxBzPfwphOoNzkzOIIlifzk0KJrGK2c8R4+LKpMtpYLQeUdjnwjWv/LZlkH2laZk+4w78pi99D4Vw==",
      "dev": true,
      "hasInstallScript": true,
      "license": "MIT",
      "bin": {
        "esbuild": "bin/esbuild"
      },
      "engines": {
        "node": ">=18"
      },
      "optionalDependencies": {
        "@esbuild/aix-ppc64": "0.28.1",
        "@esbuild/android-arm": "0.28.1",
        "@esbuild/android-arm64": "0.28.1",
        "@esbuild/android-x64": "0.28.1",
        "@esbuild/darwin-arm64": "0.28.1",
        "@esbuild/darwin-x64": "0.28.1",
        "@esbuild/freebsd-arm64": "0.28.1",
        "@esbuild/freebsd-x64": "0.28.1",
        "@esbuild/linux-arm": "0.28.1",
        "@esbuild/linux-arm64": "0.28.1",
        "@esbuild/linux-ia32": "0.28.1",
        "@esbuild/linux-loong64": "0.28.1",
        "@esbuild/linux-mips64el": "0.28.1",
        "@esbuild/linux-ppc64": "0.28.1",
        "@esbuild/linux-riscv64": "0.28.1",
        "@esbuild/linux-s390x": "0.28.1",
        "@esbuild/linux-x64": "0.28.1",
        "@esbuild/netbsd-arm64": "0.28.1",
        "@esbuild/netbsd-x64": "0.28.1",
        "@esbuild/openbsd-arm64": "0.28.1",
        "@esbuild/openbsd-x64": "0.28.1",
        "@esbuild/openharmony-arm64": "0.28.1",
        "@esbuild/sunos-x64": "0.28.1",
        "@esbuild/win32-arm64": "0.28.1",
        "@esbuild/win32-ia32": "0.28.1",
        "@esbuild/win32-x64": "0.28.1"
      }
    },
    "node_modules/estree-walker": {
      "version": "2.0.2",
      "resolved": "https://registry.npmjs.org/estree-walker/-/estree-walker-2.0.2.tgz",
      "integrity": "sha512-Rfkk/Mp/DL7JVje3u18FxFujQlTNR2q6QfMSMB7AvCBx91NGj/ba3kCfza0f6dVDbw7YlRf/nDrn7pQrCCyQ/w==",
      "license": "MIT"
    },
    "node_modules/fflate": {
      "version": "0.4.9",
      "resolved": "https://registry.npmjs.org/fflate/-/fflate-0.4.9.tgz",
      "integrity": "sha512-zdxgIEddhfsyCaWpJ2SdXEP8ZMrKJ6+5jl4OupODcywU0IhRk6gdXuVGcPICyfx2H97hVK7xmJtRLPjkxAX8Vw==",
      "license": "MIT"
    },
    "node_modules/idb": {
      "version": "8.0.0",
      "resolved": "https://registry.npmjs.org/idb/-/idb-8.0.0.tgz",
      "integrity": "sha512-l//qvlAKGmQO31Qn7xdzagVPPaHTxXx199MhrAFuVBTPqydcPYBWjkrbv4Y0ktB+GmWOiwHl237UUOrLmQxLvw==",
      "license": "ISC"
    },
    "node_modules/idb-keyval": {
      "version": "6.3.0",
      "resolved": "https://registry.npmjs.org/idb-keyval/-/idb-keyval-6.3.0.tgz",
      "integrity": "sha512-um+2dgAWmYsu615EXpWVwSmapJhON0G43t3Ka/EVaohzPQXSMqKEqeDK/oIW3Ow+BXaF2PvSc+oBTFp793A5Ow==",
      "license": "Apache-2.0"
    },
    "node_modules/js-base64": {
      "version": "3.9.1",
      "resolved": "https://registry.npmjs.org/js-base64/-/js-base64-3.9.1.tgz",
      "integrity": "sha512-U73qptcvf/HIOauFOmqT3a0mDUp0MYlfd15oqoe9kqZt5XhiXVb+HG09sLvI9PQ9tZIBFS4nlErai8zbWazP0g==",
      "license": "BSD-3-Clause"
    },
    "node_modules/magic-string": {
      "version": "0.30.21",
      "resolved": "https://registry.npmjs.org/magic-string/-/magic-string-0.30.21.tgz",
      "integrity": "sha512-vd2F4YUyEXKGcLHoq+TEyCjxueSeHnFxyyjNp80yg0XV4vUhnDer/lvvlqM/arB5bXQN5K2/3oinyCRyx8T2CQ==",
      "license": "MIT",
      "dependencies": {
        "@jridgewell/sourcemap-codec": "^1.5.5"
      }
    },
    "node_modules/mitt": {
      "version": "3.0.1",
      "resolved": "https://registry.npmjs.org/mitt/-/mitt-3.0.1.tgz",
      "integrity": "sha512-vKivATfr97l2/QBCYAkXYDbrIWPM2IIKEl7YPhjCvKlG3kE2gm+uBo6nEXK3M5/Ffh/FLpKExzOQ3JJoJGFKBw==",
      "license": "MIT"
    },
    "node_modules/nanoid": {
      "version": "3.3.16",
      "resolved": "https://registry.npmjs.org/nanoid/-/nanoid-3.3.16.tgz",
      "integrity": "sha512-bzlKTyNJ7+LdGIIwy8ijFpIqEQIvafahV7eYykJ8Cvh42EdJeODoJ6gUJXpQJvej1BddH8OqTXZNE/KfbWAu8Q==",
      "funding": [
        {
          "type": "github",
          "url": "https://github.com/sponsors/ai"
        }
      ],
      "license": "MIT",
      "bin": {
        "nanoid": "bin/nanoid.cjs"
      },
      "engines": {
        "node": "^10 || ^12 || ^13.7 || ^14 || >=15.0.1"
      }
    },
    "node_modules/picocolors": {
      "version": "1.1.1",
      "resolved": "https://registry.npmjs.org/picocolors/-/picocolors-1.1.1.tgz",
      "integrity": "sha512-xceH2snhtb5M9liqDsmEw56le376mTZkEX/jEb/RxNFyegNul7eNslCXP9FDj/Lcu0X8KEyMceP2ntpaHrDEVA==",
      "license": "ISC"
    },
    "node_modules/picomatch": {
      "version": "4.0.5",
      "resolved": "https://registry.npmjs.org/picomatch/-/picomatch-4.0.5.tgz",
      "integrity": "sha512-RvwwcruNjI1ncT5xRakeyS9Lf8lcItv34KD+aif+VH9kduAyfYBipGh12274xtenIPZ119/R9BdTBa8gAwSh0A==",
      "license": "MIT",
      "engines": {
        "node": ">=12"
      },
      "funding": {
        "url": "https://github.com/sponsors/jonschlinkert"
      }
    },
    "node_modules/postcss": {
      "version": "8.5.21",
      "resolved": "https://registry.npmjs.org/postcss/-/postcss-8.5.21.tgz",
      "integrity": "sha512-v4sDNP3fdNiWMfabO7OwOQdOX8TiQSztKyT1Wj0w+j7LDallJThJRBBBmzVGyYj0crMh7jlV4zepPkiNu9UwDQ==",
      "funding": [
        {
          "type": "opencollective",
          "url": "https://opencollective.com/postcss/"
        },
        {
          "type": "tidelift",
          "url": "https://tidelift.com/funding/github/npm/postcss"
        },
        {
          "type": "github",
          "url": "https://github.com/sponsors/ai"
        }
      ],
      "license": "MIT",
      "dependencies": {
        "nanoid": "^3.3.16",
        "picocolors": "^1.1.1",
        "source-map-js": "^1.2.1"
      },
      "engines": {
        "node": "^10 || ^12 || >=14"
      }
    },
    "node_modules/safe-json-stringify": {
      "version": "1.2.0",
      "resolved": "https://registry.npmjs.org/safe-json-stringify/-/safe-json-stringify-1.2.0.tgz",
      "integrity": "sha512-gH8eh2nZudPQO6TytOvbxnuhYBOvDBBLW52tz5q6X58lJcd/tkmqFR+5Z9adS8aJtURSXWThWy/xJtJwixErvg==",
      "license": "MIT"
    },
    "node_modules/source-map-js": {
      "version": "1.2.1",
      "resolved": "https://registry.npmjs.org/source-map-js/-/source-map-js-1.2.1.tgz",
      "integrity": "sha512-UXWMKhLOwVKb728IUtQPXxfYU+usdybtUrK/8uGE8CQMvrhOpwvzDBwj0QhSL7MQc7vIsISBG8VQ8+IDQxpfQA==",
      "license": "BSD-3-Clause",
      "engines": {
        "node": ">=0.10.0"
      }
    },
    "node_modules/tslib": {
      "version": "2.8.1",
      "resolved": "https://registry.npmjs.org/tslib/-/tslib-2.8.1.tgz",
      "integrity": "sha512-oJFu94HQb+KVduSUQL7wnpmqnfmLsOA/nAh6b6EH0wCEoK0/mPeXU6c3wKDV83MkOuHPRHtSXKKU99IBazS/2w==",
      "license": "0BSD"
    },
    "node_modules/unfetch": {
      "version": "4.1.0",
      "resolved": "https://registry.npmjs.org/unfetch/-/unfetch-4.1.0.tgz",
      "integrity": "sha512-crP/n3eAPUJxZXM9T80/yv0YhkTEx2K1D3h7D1AJM6fzsWZrxdyRuLN0JH/dkZh1LNH8LxCnBzoPFCPbb2iGpg==",
      "license": "MIT"
    },
    "node_modules/web-vitals": {
      "version": "5.1.0",
      "resolved": "https://registry.npmjs.org/web-vitals/-/web-vitals-5.1.0.tgz",
      "integrity": "sha512-ArI3kx5jI0atlTtmV0fWU3fjpLmq/nD3Zr1iFFlJLaqa5wLBkUSzINwBPySCX/8jRyjlmy1Volw1kz1g9XE4Jg==",
      "license": "Apache-2.0"
    },
    "node_modules/zen-observable": {
      "version": "0.10.0",
      "resolved": "https://registry.npmjs.org/zen-observable/-/zen-observable-0.10.0.tgz",
      "integrity": "sha512-iI3lT0iojZhKwT5DaFy2Ce42n3yFcLdFyOh01G7H0flMY60P8MJuVFEoJoNwXlmAyQ45GrjL6AcZmmlv8A5rbw==",
      "license": "MIT"
    }
  }
}
